
Microsoft Visual Studio Solution File, Format Version 12.00
# Visual Studio 14
VisualStudioVersion = 14.0.24720.0
MinimumVisualStudioVersion = 10.0.40219.1
Project("{2150E333-8FDC-42A3-9474-1A3956D46DE8}") = "src", "src", "{D55CF3ED-4F8D-4464-875F-06D58D920210}"
EndProject
Project("{2150E333-8FDC-42A3-9474-1A3956D46DE8}") = "Solution Items", "Solution Items", "{47897DB9-6318-4F88-84DB-65F086CAF138}"
	ProjectSection(SolutionItems) = preProject
		global.json = global.json
	EndProjectSection
EndProject
Project("{2150E333-8FDC-42A3-9474-1A3956D46DE8}") = "PublishScripts", "PublishScripts", "{CE0B2E5A-A8DF-4856-8E7F-7A7E24BF2AE5}"
	ProjectSection(SolutionItems) = preProject
		PublishScripts\AzureVMPublishModule.psm1 = PublishScripts\AzureVMPublishModule.psm1
		PublishScripts\Publish-WebApplicationVM.ps1 = PublishScripts\Publish-WebApplicationVM.ps1
	EndProjectSection
EndProject
Project("{2150E333-8FDC-42A3-9474-1A3956D46DE8}") = "Configurations", "Configurations", "{EC517729-316F-47F9-ADA0-24FC1939B268}"
	ProjectSection(SolutionItems) = preProject
		PublishScripts\Configurations\ContactsCleanApp-WAWS-dev.json = PublishScripts\Configurations\ContactsCleanApp-WAWS-dev.json
		PublishScripts\Configurations\PeopleFixWebApp-WAWS-dev.json = PublishScripts\Configurations\PeopleFixWebApp-WAWS-dev.json
		PublishScripts\Configurations\PeopleSyncService-WAWS-dev.json = PublishScripts\Configurations\PeopleSyncService-WAWS-dev.json
	EndProjectSection
EndProject
Project("{8BB2217D-0F2D-49D1-97BC-3654ED321F3B}") = "ContactsClutter", "src\ContactsClutter\ContactsClutter.xproj", "{972E8AC7-E289-4CF4-96F7-BF6931D76D31}"
EndProject
Global
	GlobalSection(SolutionConfigurationPlatforms) = preSolution
		Debug|Any CPU = Debug|Any CPU
		Release|Any CPU = Release|Any CPU
	EndGlobalSection
	GlobalSection(ProjectConfigurationPlatforms) = postSolution
		{972E8AC7-E289-4CF4-96F7-BF6931D76D31}.Debug|Any CPU.ActiveCfg = Debug|Any CPU
		{972E8AC7-E289-4CF4-96F7-BF6931D76D31}.Debug|Any CPU.Build.0 = Debug|Any CPU
		{972E8AC7-E289-4CF4-96F7-BF6931D76D31}.Release|Any CPU.ActiveCfg = Release|Any CPU
		{972E8AC7-E289-4CF4-96F7-BF6931D76D31}.Release|Any CPU.Build.0 = Release|Any CPU
	EndGlobalSection
	GlobalSection(SolutionProperties) = preSolution
		HideSolutionNode = FALSE
	EndGlobalSection
	GlobalSection(NestedProjects) = preSolution
		{EC517729-316F-47F9-ADA0-24FC1939B268} = {CE0B2E5A-A8DF-4856-8E7F-7A7E24BF2AE5}
		{972E8AC7-E289-4CF4-96F7-BF6931D76D31} = {D55CF3ED-4F8D-4464-875F-06D58D920210}
	EndGlobalSection
EndGlobal
